
Microsoft Visual Studio Solution File, Format Version 12.00
# Visual Studio Version 17
VisualStudioVersion = 17.9.34622.214
MinimumVisualStudioVersion = 10.0.40219.1
Project("{FAE04EC0-301F-11D3-BF4B-00C04F79EFBC}") = "ASPNETCoreLearn2", "ASPNETCoreLearn2\ASPNETCoreLearn2.csproj", "{A7428C83-F4D0-4421-B96B-908FB9D5F5AA}"
EndProject
Global
	GlobalSection(SolutionConfigurationPlatforms) = preSolution
		Debug|Any CPU = Debug|Any CPU
		Release|Any CPU = Release|Any CPU
	EndGlobalSection
	GlobalSection(ProjectConfigurationPlatforms) = postSolution
		{A7428C83-F4D0-4421-B96B-908FB9D5F5AA}.Debug|Any CPU.ActiveCfg = Debug|Any CPU
		{A7428C83-F4D0-4421-B96B-908FB9D5F5AA}.Debug|Any CPU.Build.0 = Debug|Any CPU
		{A7428C83-F4D0-4421-B96B-908FB9D5F5AA}.Release|Any CPU.ActiveCfg = Release|Any CPU
		{A7428C83-F4D0-4421-B96B-908FB9D5F5AA}.Release|Any CPU.Build.0 = Release|Any CPU
	EndGlobalSection
	GlobalSection(SolutionProperties) = preSolution
		HideSolutionNode = FALSE
	EndGlobalSection
	GlobalSection(ExtensibilityGlobals) = postSolution
		SolutionGuid = {FAA44D56-D7EC-4B75-9696-CF5537309025}
	EndGlobalSection
EndGlobal
